
Microsoft Visual Studio Solution File, Format Version 12.00
# Visual Studio Version 17
VisualStudioVersion = 17.10.35122.118
MinimumVisualStudioVersion = 10.0.40219.1
Project("{FAE04EC0-301F-11D3-BF4B-00C04F79EFBC}") = "InventorAI.api", "InventorAI.api.csproj", "{285ECEA0-496A-4612-A318-3B7C3597384A}"
EndProject
Global
	GlobalSection(SolutionConfigurationPlatforms) = preSolution
		Debug|Any CPU = Debug|Any CPU
		Release|Any CPU = Release|Any CPU
	EndGlobalSection
	GlobalSection(ProjectConfigurationPlatforms) = postSolution
		{285ECEA0-496A-4612-A318-3B7C3597384A}.Debug|Any CPU.ActiveCfg = Debug|Any CPU
		{285ECEA0-496A-4612-A318-3B7C3597384A}.Debug|Any CPU.Build.0 = Debug|Any CPU
		{285ECEA0-496A-4612-A318-3B7C3597384A}.Release|Any CPU.ActiveCfg = Release|Any CPU
		{285ECEA0-496A-4612-A318-3B7C3597384A}.Release|Any CPU.Build.0 = Release|Any CPU
	EndGlobalSection
	GlobalSection(SolutionProperties) = preSolution
		HideSolutionNode = FALSE
	EndGlobalSection
	GlobalSection(ExtensibilityGlobals) = postSolution
		SolutionGuid = {8662B050-5516-4A34-A0AF-3551B7F43926}
	EndGlobalSection
EndGlobal
