
Microsoft Visual Studio Solution File, Format Version 12.00
# Visual Studio Version 17
VisualStudioVersion = 17.10.35122.118
MinimumVisualStudioVersion = 10.0.40219.1
Project("{FAE04EC0-301F-11D3-BF4B-00C04F79EFBC}") = "InventorAi-api", "InventorAi-api.csproj", "{7A1FCC36-3B66-4CED-9676-5B8548E9E708}"
EndProject
Global
	GlobalSection(SolutionConfigurationPlatforms) = preSolution
		Debug|Any CPU = Debug|Any CPU
		Release|Any CPU = Release|Any CPU
	EndGlobalSection
	GlobalSection(ProjectConfigurationPlatforms) = postSolution
		{7A1FCC36-3B66-4CED-9676-5B8548E9E708}.Debug|Any CPU.ActiveCfg = Debug|Any CPU
		{7A1FCC36-3B66-4CED-9676-5B8548E9E708}.Debug|Any CPU.Build.0 = Debug|Any CPU
		{7A1FCC36-3B66-4CED-9676-5B8548E9E708}.Release|Any CPU.ActiveCfg = Release|Any CPU
		{7A1FCC36-3B66-4CED-9676-5B8548E9E708}.Release|Any CPU.Build.0 = Release|Any CPU
	EndGlobalSection
	GlobalSection(SolutionProperties) = preSolution
		HideSolutionNode = FALSE
	EndGlobalSection
	GlobalSection(ExtensibilityGlobals) = postSolution
		SolutionGuid = {0E7F0B99-3950-4243-B075-DECC726E8089}
	EndGlobalSection
EndGlobal
